{
  "originHash" : "8ad5505266c6cc3dd07b5e05ad4e64269167e953589a52ec06f1ffd7db151664",
  "pins" : [
    {
      "identity" : "swift-argument-parser",
      "kind" : "remoteSourceControl",
      "location" : "https://github.com/apple/swift-argument-parser.git",
      "state" : {
        "revision" : "cdd0ef3755280949551dc26dee5de9ddeda89f54",
        "version" : "1.6.2"
      }
    },
    {
      "identity" : "swift-cortex-m",
      "kind" : "remoteSourceControl",
      "location" : "https://github.com/xtremekforever/swift-cortex-m",
      "state" : {
        "branch" : "main",
        "revision" : "52790728c5055594b6481c29b5efce7d68e2a850"
      }
    },
    {
      "identity" : "swift-mmio",
      "kind" : "remoteSourceControl",
      "location" : "https://github.com/apple/swift-mmio",
      "state" : {
        "revision" : "8fc35562726f9ad90b847704b288729ed60f4e7f",
        "version" : "0.1.1"
      }
    },
    {
      "identity" : "swift-stm32c011",
      "kind" : "remoteSourceControl",
      "location" : "https://github.com/xtremekforever/swift-stm32c011",
      "state" : {
        "branch" : "main",
        "revision" : "9a94aaf2d11a0379d3374acc351e91bcc253d4de"
      }
    },
    {
      "identity" : "swift-syntax",
      "kind" : "remoteSourceControl",
      "location" : "https://github.com/swiftlang/swift-syntax.git",
      "state" : {
        "revision" : "4799286537280063c85a32f09884cfbca301b1a1",
        "version" : "602.0.0"
      }
    }
  ],
  "version" : 3
}
